
Microsoft Visual Studio Solution File, Format Version 12.00
# Visual Studio Version 17
VisualStudioVersion = 17.8.34408.163
MinimumVisualStudioVersion = 10.0.40219.1
Project("{FAE04EC0-301F-11D3-BF4B-00C04F79EFBC}") = "JurnalModul5", "JurnalModul5\JurnalModul5.csproj", "{29CB2DA4-F5AD-44BB-B151-B8A0F60A8D7E}"
EndProject
Global
	GlobalSection(SolutionConfigurationPlatforms) = preSolution
		Debug|Any CPU = Debug|Any CPU
		Release|Any CPU = Release|Any CPU
	EndGlobalSection
	GlobalSection(ProjectConfigurationPlatforms) = postSolution
		{29CB2DA4-F5AD-44BB-B151-B8A0F60A8D7E}.Debug|Any CPU.ActiveCfg = Debug|Any CPU
		{29CB2DA4-F5AD-44BB-B151-B8A0F60A8D7E}.Debug|Any CPU.Build.0 = Debug|Any CPU
		{29CB2DA4-F5AD-44BB-B151-B8A0F60A8D7E}.Release|Any CPU.ActiveCfg = Release|Any CPU
		{29CB2DA4-F5AD-44BB-B151-B8A0F60A8D7E}.Release|Any CPU.Build.0 = Release|Any CPU
	EndGlobalSection
	GlobalSection(SolutionProperties) = preSolution
		HideSolutionNode = FALSE
	EndGlobalSection
	GlobalSection(ExtensibilityGlobals) = postSolution
		SolutionGuid = {3CD64C48-7D75-4F00-9B95-FB32FF6D377C}
	EndGlobalSection
EndGlobal
